<?xml version="1.0" encoding="utf-8"?>
<Project ToolsVersion="4.0" xmlns="http://schemas.microsoft.com/developer/msbuild/2003">
  <ItemGroup>
    <Filter Include="Source Files">
      <UniqueIdentifier>{4FC737F1-C7A5-4376-A066-2A32D752A2FF}</UniqueIdentifier>
      <Extensions>cpp;c;cc;cxx;def;odl;idl;hpj;bat;asm;asmx</Extensions>
    </Filter>
    <Filter Include="Header Files">
      <UniqueIdentifier>{93995380-89BD-4b04-88EB-625FBE52EBFB}</UniqueIdentifier>
      <Extensions>h;hh;hpp;hxx;hm;inl;inc;ipp;xsd</Extensions>
    </Filter>
    <Filter Include="images">
      <UniqueIdentifier>{a937f8b6-3d1b-4d63-bf61-f253995f24a9}</UniqueIdentifier>
    </Filter>
  </ItemGroup>
  <ItemGroup>
    <ClCompile Include="main.cpp">
      <Filter>Source Files</Filter>
    </ClCompile>
    <ClCompile Include="Game.cpp">
      <Filter>Source Files</Filter>
    </ClCompile>
    <ClCompile Include="Scene.cpp">
      <Filter>Source Files</Filter>
    </ClCompile>
    <ClCompile Include="Actor.cpp">
      <Filter>Source Files</Filter>
    </ClCompile>
    <ClCompile Include="Sprite.cpp">
      <Filter>Source Files</Filter>
    </ClCompile>
    <ClCompile Include="Entity.cpp">
      <Filter>Source Files</Filter>
    </ClCompile>
    <ClCompile Include="Player.cpp">
      <Filter>Source Files</Filter>
    </ClCompile>
    <ClCompile Include="Enemy.cpp">
      <Filter>Source Files</Filter>
    </ClCompile>
    <ClCompile Include="Wall.cpp">
      <Filter>Source Files</Filter>
    </ClCompile>
  </ItemGroup>
  <ItemGroup>
    <ClInclude Include="Game.h">
      <Filter>Header Files</Filter>
    </ClInclude>
    <ClInclude Include="Scene.h">
      <Filter>Header Files</Filter>
    </ClInclude>
    <ClInclude Include="Actor.h">
      <Filter>Header Files</Filter>
    </ClInclude>
    <ClInclude Include="Sprite.h">
      <Filter>Header Files</Filter>
    </ClInclude>
    <ClInclude Include="Entity.h">
      <Filter>Header Files</Filter>
    </ClInclude>
    <ClInclude Include="Player.h">
      <Filter>Header Files</Filter>
    </ClInclude>
    <ClInclude Include="Enemy.h">
      <Filter>Header Files</Filter>
    </ClInclude>
    <ClInclude Include="Wall.h">
      <Filter>Header Files</Filter>
    </ClInclude>
  </ItemGroup>
  <ItemGroup>
    <Image Include="Images\PizzaGuyWalkForward(1).png">
      <Filter>images</Filter>
    </Image>
    <Image Include="Images\PizzaGuyWalkForward(2).png">
      <Filter>images</Filter>
    </Image>
    <Image Include="Images\PizzaGuyWalkForward(3).png">
      <Filter>images</Filter>
    </Image>
    <Image Include="Images\PizzaGuyWalkLeft(1).png">
      <Filter>images</Filter>
    </Image>
    <Image Include="Images\PizzaGuyWalkLeft(2).png">
      <Filter>images</Filter>
    </Image>
    <Image Include="Images\PizzaGuyWalkLeft(3).png">
      <Filter>images</Filter>
    </Image>
    <Image Include="Images\PizzaGuyWalkRight(1).png">
      <Filter>images</Filter>
    </Image>
    <Image Include="Images\PizzaGuyWalkRight(2).png">
      <Filter>images</Filter>
    </Image>
    <Image Include="Images\PizzaGuyWalkRight(3).png">
      <Filter>images</Filter>
    </Image>
    <Image Include="Images\EmptyHeart.png">
      <Filter>images</Filter>
    </Image>
    <Image Include="Images\firstMap.png">
      <Filter>images</Filter>
    </Image>
    <Image Include="Images\FullHeart.png">
      <Filter>images</Filter>
    </Image>
    <Image Include="Images\HalfHeart.png">
      <Filter>images</Filter>
    </Image>
    <Image Include="Images\pizzaGuyPizzaWalkAway(1).png">
      <Filter>images</Filter>
    </Image>
    <Image Include="Images\pizzaGuyPizzaWalkAway(2).png">
      <Filter>images</Filter>
    </Image>
    <Image Include="Images\pizzaGuyPizzaWalkAway(3).png">
      <Filter>images</Filter>
    </Image>
    <Image Include="Images\pizzaGuyPizzaWalkForward(1).png">
      <Filter>images</Filter>
    </Image>
    <Image Include="Images\pizzaGuyPizzaWalkForward(2).png">
      <Filter>images</Filter>
    </Image>
    <Image Include="Images\pizzaGuyPizzaWalkForward(3).png">
      <Filter>images</Filter>
    </Image>
    <Image Include="Images\pizzaGuyPizzaWalkLeft(1).png">
      <Filter>images</Filter>
    </Image>
    <Image Include="Images\pizzaGuyPizzaWalkLeft(2).png">
      <Filter>images</Filter>
    </Image>
    <Image Include="Images\pizzaGuyPizzaWalkLeft(3).png">
      <Filter>images</Filter>
    </Image>
    <Image Include="Images\pizzaGuyPizzaWalkRight(1).png">
      <Filter>images</Filter>
    </Image>
    <Image Include="Images\pizzaGuyPizzaWalkRight(2).png">
      <Filter>images</Filter>
    </Image>
    <Image Include="Images\pizzaGuyPizzaWalkRight(3).png">
      <Filter>images</Filter>
    </Image>
    <Image Include="Images\PizzaGuyWalkAway(1).png">
      <Filter>images</Filter>
    </Image>
    <Image Include="Images\PizzaGuyWalkAway(2).png">
      <Filter>images</Filter>
    </Image>
    <Image Include="Images\PizzaGuyWalkAway(3).png">
      <Filter>images</Filter>
    </Image>
  </ItemGroup>
</Project>